
Microsoft Visual Studio Solution File, Format Version 12.00
Project("{FAE04EC0-301F-11D3-BF4B-00C04F79EFBC}") = "DarraghConway_CA1", "DarraghConway_CA1.csproj", "{26B0DECD-3D30-4ADE-A24C-CF393EAB2465}"
EndProject
Project("{FAE04EC0-301F-11D3-BF4B-00C04F79EFBC}") = "DarraghConway_CA1.Tests", "DarraghConway_CA1.Tests\DarraghConway_CA1.Tests.csproj", "{EECACDB4-9012-4F6C-B95F-F2C72F380EDC}"
EndProject
Global
	GlobalSection(SolutionConfigurationPlatforms) = preSolution
		Debug|Any CPU = Debug|Any CPU
		Release|Any CPU = Release|Any CPU
	EndGlobalSection
	GlobalSection(ProjectConfigurationPlatforms) = postSolution
		{26B0DECD-3D30-4ADE-A24C-CF393EAB2465}.Debug|Any CPU.ActiveCfg = Debug|Any CPU
		{26B0DECD-3D30-4ADE-A24C-CF393EAB2465}.Debug|Any CPU.Build.0 = Debug|Any CPU
		{26B0DECD-3D30-4ADE-A24C-CF393EAB2465}.Release|Any CPU.ActiveCfg = Release|Any CPU
		{26B0DECD-3D30-4ADE-A24C-CF393EAB2465}.Release|Any CPU.Build.0 = Release|Any CPU
		{EECACDB4-9012-4F6C-B95F-F2C72F380EDC}.Debug|Any CPU.ActiveCfg = Debug|Any CPU
		{EECACDB4-9012-4F6C-B95F-F2C72F380EDC}.Debug|Any CPU.Build.0 = Debug|Any CPU
		{EECACDB4-9012-4F6C-B95F-F2C72F380EDC}.Release|Any CPU.ActiveCfg = Release|Any CPU
		{EECACDB4-9012-4F6C-B95F-F2C72F380EDC}.Release|Any CPU.Build.0 = Release|Any CPU
	EndGlobalSection
EndGlobal
